{
  "object": {
    "pins": [
      {
        "package": "ArcGIS",
        "repositoryURL": "https://github.com/ArcGIS/arcgis-runtime-ios",
        "state": {
          "branch": null,
          "revision": "81f03e33168539b3d6a851bab1647f360a6ab16d",
          "version": "100.10.0"
        }
      }
    ]
  },
  "version": 1
}
