// !$*UTF8*$!
{
	archiveVersion = 1;
	classes = {
	};
	objectVersion = 46;
	objects = {

/* Begin PBXBuildFile section */
		883904441DF6022A001F3188 /* Main.storyboard in Resources */ = {isa = PBXBuildFile; fileRef = 883904421DF6022A001F3188 /* Main.storyboard */; };
		883904461DF6022A001F3188 /* Assets.xcassets in Resources */ = {isa = PBXBuildFile; fileRef = 883904451DF6022A001F3188 /* Assets.xcassets */; };
		883904491DF6022A001F3188 /* LaunchScreen.storyboard in Resources */ = {isa = PBXBuildFile; fileRef = 883904471DF6022A001F3188 /* LaunchScreen.storyboard */; };
		883904511DF60296001F3188 /* ArcGIS.framework in Frameworks */ = {isa = PBXBuildFile; fileRef = 883904501DF60296001F3188 /* ArcGIS.framework */; };
		883904521DF60296001F3188 /* ArcGIS.framework in Embed Frameworks */ = {isa = PBXBuildFile; fileRef = 883904501DF60296001F3188 /* ArcGIS.framework */; settings = {ATTRIBUTES = (CodeSignOnCopy, RemoveHeadersOnCopy, ); }; };
		88A01D7D1EA188EF00CD9621 /* ArcGISToolkit.framework in Frameworks */ = {isa = PBXBuildFile; fileRef = 88B689A41E96E9AC00B67FAB /* ArcGISToolkit.framework */; };
		88A01D7E1EA188EF00CD9621 /* ArcGISToolkit.framework in Embed Frameworks */ = {isa = PBXBuildFile; fileRef = 88B689A41E96E9AC00B67FAB /* ArcGISToolkit.framework */; settings = {ATTRIBUTES = (CodeSignOnCopy, RemoveHeadersOnCopy, ); }; };
		88B689C81E96EDF400B67FAB /* AppDelegate.swift in Sources */ = {isa = PBXBuildFile; fileRef = 88B689BE1E96EDF400B67FAB /* AppDelegate.swift */; };
		88B689C91E96EDF400B67FAB /* ExamplesViewController.swift in Sources */ = {isa = PBXBuildFile; fileRef = 88B689BF1E96EDF400B67FAB /* ExamplesViewController.swift */; };
		88B689CA1E96EDF400B67FAB /* JobManagerExample.swift in Sources */ = {isa = PBXBuildFile; fileRef = 88B689C01E96EDF400B67FAB /* JobManagerExample.swift */; };
		88B689CB1E96EDF400B67FAB /* MeasureExample.swift in Sources */ = {isa = PBXBuildFile; fileRef = 88B689C11E96EDF400B67FAB /* MeasureExample.swift */; };
		88B689CC1E96EDF400B67FAB /* CompassExample.swift in Sources */ = {isa = PBXBuildFile; fileRef = 88B689C21E96EDF400B67FAB /* CompassExample.swift */; };
		88B689CD1E96EDF400B67FAB /* PopupExample.swift in Sources */ = {isa = PBXBuildFile; fileRef = 88B689C31E96EDF400B67FAB /* PopupExample.swift */; };
		88B689CE1E96EDF400B67FAB /* ScalebarExample.swift in Sources */ = {isa = PBXBuildFile; fileRef = 88B689C41E96EDF400B67FAB /* ScalebarExample.swift */; };
		88B689CF1E96EDF400B67FAB /* SketchExample.swift in Sources */ = {isa = PBXBuildFile; fileRef = 88B689C51E96EDF400B67FAB /* SketchExample.swift */; };
		88B689D01E96EDF400B67FAB /* SwitchBasemapExample.swift in Sources */ = {isa = PBXBuildFile; fileRef = 88B689C61E96EDF400B67FAB /* SwitchBasemapExample.swift */; };
		88B689D11E96EDF400B67FAB /* VCListViewController.swift in Sources */ = {isa = PBXBuildFile; fileRef = 88B689C71E96EDF400B67FAB /* VCListViewController.swift */; };
		E48405751E9BE7E600927208 /* LegendExample.swift in Sources */ = {isa = PBXBuildFile; fileRef = E48405741E9BE7E600927208 /* LegendExample.swift */; };
/* End PBXBuildFile section */

/* Begin PBXContainerItemProxy section */
		88A01D7F1EA188EF00CD9621 /* PBXContainerItemProxy */ = {
			isa = PBXContainerItemProxy;
			containerPortal = 88B6899F1E96E9AB00B67FAB /* ArcGISToolkit.xcodeproj */;
			proxyType = 1;
			remoteGlobalIDString = 8812336F1DF601A700B2EA8E;
			remoteInfo = ArcGISToolkit;
		};
		88B689A31E96E9AC00B67FAB /* PBXContainerItemProxy */ = {
			isa = PBXContainerItemProxy;
			containerPortal = 88B6899F1E96E9AB00B67FAB /* ArcGISToolkit.xcodeproj */;
			proxyType = 2;
			remoteGlobalIDString = 881233701DF601A700B2EA8E;
			remoteInfo = ArcGISToolkit;
		};
		88B689A51E96E9E000B67FAB /* PBXContainerItemProxy */ = {
			isa = PBXContainerItemProxy;
			containerPortal = 88B6899F1E96E9AB00B67FAB /* ArcGISToolkit.xcodeproj */;
			proxyType = 1;
			remoteGlobalIDString = 8812336F1DF601A700B2EA8E;
			remoteInfo = ArcGISToolkit;
		};
/* End PBXContainerItemProxy section */

/* Begin PBXCopyFilesBuildPhase section */
		883904531DF60296001F3188 /* Embed Frameworks */ = {
			isa = PBXCopyFilesBuildPhase;
			buildActionMask = 2147483647;
			dstPath = "";
			dstSubfolderSpec = 10;
			files = (
				88A01D7E1EA188EF00CD9621 /* ArcGISToolkit.framework in Embed Frameworks */,
				883904521DF60296001F3188 /* ArcGIS.framework in Embed Frameworks */,
			);
			name = "Embed Frameworks";
			runOnlyForDeploymentPostprocessing = 0;
		};
/* End PBXCopyFilesBuildPhase section */

/* Begin PBXFileReference section */
		8839043B1DF6022A001F3188 /* ArcGISToolkitExamples.app */ = {isa = PBXFileReference; explicitFileType = wrapper.application; includeInIndex = 0; path = ArcGISToolkitExamples.app; sourceTree = BUILT_PRODUCTS_DIR; };
		883904431DF6022A001F3188 /* Base */ = {isa = PBXFileReference; lastKnownFileType = file.storyboard; name = Base; path = Base.lproj/Main.storyboard; sourceTree = "<group>"; };
		883904451DF6022A001F3188 /* Assets.xcassets */ = {isa = PBXFileReference; lastKnownFileType = folder.assetcatalog; path = Assets.xcassets; sourceTree = "<group>"; };
		883904481DF6022A001F3188 /* Base */ = {isa = PBXFileReference; lastKnownFileType = file.storyboard; name = Base; path = Base.lproj/LaunchScreen.storyboard; sourceTree = "<group>"; };
		8839044A1DF6022A001F3188 /* Info.plist */ = {isa = PBXFileReference; lastKnownFileType = text.plist.xml; path = Info.plist; sourceTree = "<group>"; };
		883904501DF60296001F3188 /* ArcGIS.framework */ = {isa = PBXFileReference; lastKnownFileType = wrapper.framework; name = ArcGIS.framework; path = "~/Library/SDKs/ArcGIS/iOS/Frameworks/Dynamic/ArcGIS.framework"; sourceTree = "<absolute>"; };
		88B6899F1E96E9AB00B67FAB /* ArcGISToolkit.xcodeproj */ = {isa = PBXFileReference; lastKnownFileType = "wrapper.pb-project"; name = ArcGISToolkit.xcodeproj; path = ../Toolkit/ArcGISToolkit.xcodeproj; sourceTree = "<group>"; };
		88B689BE1E96EDF400B67FAB /* AppDelegate.swift */ = {isa = PBXFileReference; fileEncoding = 4; lastKnownFileType = sourcecode.swift; path = AppDelegate.swift; sourceTree = "<group>"; };
		88B689BF1E96EDF400B67FAB /* ExamplesViewController.swift */ = {isa = PBXFileReference; fileEncoding = 4; lastKnownFileType = sourcecode.swift; path = ExamplesViewController.swift; sourceTree = "<group>"; };
		88B689C01E96EDF400B67FAB /* JobManagerExample.swift */ = {isa = PBXFileReference; fileEncoding = 4; lastKnownFileType = sourcecode.swift; path = JobManagerExample.swift; sourceTree = "<group>"; };
		88B689C11E96EDF400B67FAB /* MeasureExample.swift */ = {isa = PBXFileReference; fileEncoding = 4; lastKnownFileType = sourcecode.swift; path = MeasureExample.swift; sourceTree = "<group>"; };
		88B689C21E96EDF400B67FAB /* CompassExample.swift */ = {isa = PBXFileReference; fileEncoding = 4; lastKnownFileType = sourcecode.swift; path = CompassExample.swift; sourceTree = "<group>"; };
		88B689C31E96EDF400B67FAB /* PopupExample.swift */ = {isa = PBXFileReference; fileEncoding = 4; lastKnownFileType = sourcecode.swift; path = PopupExample.swift; sourceTree = "<group>"; };
		88B689C41E96EDF400B67FAB /* ScalebarExample.swift */ = {isa = PBXFileReference; fileEncoding = 4; lastKnownFileType = sourcecode.swift; path = ScalebarExample.swift; sourceTree = "<group>"; };
		88B689C51E96EDF400B67FAB /* SketchExample.swift */ = {isa = PBXFileReference; fileEncoding = 4; lastKnownFileType = sourcecode.swift; path = SketchExample.swift; sourceTree = "<group>"; };
		88B689C61E96EDF400B67FAB /* SwitchBasemapExample.swift */ = {isa = PBXFileReference; fileEncoding = 4; lastKnownFileType = sourcecode.swift; path = SwitchBasemapExample.swift; sourceTree = "<group>"; };
		88B689C71E96EDF400B67FAB /* VCListViewController.swift */ = {isa = PBXFileReference; fileEncoding = 4; lastKnownFileType = sourcecode.swift; path = VCListViewController.swift; sourceTree = "<group>"; };
		E48405741E9BE7E600927208 /* LegendExample.swift */ = {isa = PBXFileReference; fileEncoding = 4; lastKnownFileType = sourcecode.swift; path = LegendExample.swift; sourceTree = "<group>"; };
/* End PBXFileReference section */

/* Begin PBXFrameworksBuildPhase section */
		883904381DF6022A001F3188 /* Frameworks */ = {
			isa = PBXFrameworksBuildPhase;
			buildActionMask = 2147483647;
			files = (
				88A01D7D1EA188EF00CD9621 /* ArcGISToolkit.framework in Frameworks */,
				883904511DF60296001F3188 /* ArcGIS.framework in Frameworks */,
			);
			runOnlyForDeploymentPostprocessing = 0;
		};
/* End PBXFrameworksBuildPhase section */

/* Begin PBXGroup section */
		883904321DF6022A001F3188 = {
			isa = PBXGroup;
			children = (
				88B6899F1E96E9AB00B67FAB /* ArcGISToolkit.xcodeproj */,
				883904501DF60296001F3188 /* ArcGIS.framework */,
				8839043D1DF6022A001F3188 /* ArcGISToolkitExamples */,
				8839043C1DF6022A001F3188 /* Products */,
			);
			sourceTree = "<group>";
		};
		8839043C1DF6022A001F3188 /* Products */ = {
			isa = PBXGroup;
			children = (
				8839043B1DF6022A001F3188 /* ArcGISToolkitExamples.app */,
			);
			name = Products;
			sourceTree = "<group>";
		};
		8839043D1DF6022A001F3188 /* ArcGISToolkitExamples */ = {
			isa = PBXGroup;
			children = (
				883904421DF6022A001F3188 /* Main.storyboard */,
				883904451DF6022A001F3188 /* Assets.xcassets */,
				883904471DF6022A001F3188 /* LaunchScreen.storyboard */,
				8839044A1DF6022A001F3188 /* Info.plist */,
				88B689BE1E96EDF400B67FAB /* AppDelegate.swift */,
				88B689BF1E96EDF400B67FAB /* ExamplesViewController.swift */,
				88B689C71E96EDF400B67FAB /* VCListViewController.swift */,
				88B689D21E96EDFE00B67FAB /* Examples */,
			);
			path = ArcGISToolkitExamples;
			sourceTree = "<group>";
		};
		88B689A01E96E9AB00B67FAB /* Products */ = {
			isa = PBXGroup;
			children = (
				88B689A41E96E9AC00B67FAB /* ArcGISToolkit.framework */,
			);
			name = Products;
			sourceTree = "<group>";
		};
		88B689D21E96EDFE00B67FAB /* Examples */ = {
			isa = PBXGroup;
			children = (
				88B689C21E96EDF400B67FAB /* CompassExample.swift */,
				88B689C01E96EDF400B67FAB /* JobManagerExample.swift */,
				E48405741E9BE7E600927208 /* LegendExample.swift */,
				88B689C11E96EDF400B67FAB /* MeasureExample.swift */,
				88B689C31E96EDF400B67FAB /* PopupExample.swift */,
				88B689C41E96EDF400B67FAB /* ScalebarExample.swift */,
				88B689C51E96EDF400B67FAB /* SketchExample.swift */,
				88B689C61E96EDF400B67FAB /* SwitchBasemapExample.swift */,
			);
			name = Examples;
			sourceTree = "<group>";
		};
/* End PBXGroup section */

/* Begin PBXNativeTarget section */
		8839043A1DF6022A001F3188 /* ArcGISToolkitExamples */ = {
			isa = PBXNativeTarget;
			buildConfigurationList = 8839044D1DF6022A001F3188 /* Build configuration list for PBXNativeTarget "ArcGISToolkitExamples" */;
			buildPhases = (
				883904371DF6022A001F3188 /* Sources */,
				883904381DF6022A001F3188 /* Frameworks */,
				883904391DF6022A001F3188 /* Resources */,
				883904531DF60296001F3188 /* Embed Frameworks */,
				88AE77111EFC267A00AFC80A /* ShellScript */,
			);
			buildRules = (
			);
			dependencies = (
				88B689A61E96E9E000B67FAB /* PBXTargetDependency */,
				88A01D801EA188EF00CD9621 /* PBXTargetDependency */,
			);
			name = ArcGISToolkitExamples;
			productName = ArcGISToolkitExamples;
			productReference = 8839043B1DF6022A001F3188 /* ArcGISToolkitExamples.app */;
			productType = "com.apple.product-type.application";
		};
/* End PBXNativeTarget section */

/* Begin PBXProject section */
		883904331DF6022A001F3188 /* Project object */ = {
			isa = PBXProject;
			attributes = {
				LastSwiftUpdateCheck = 0800;
				LastUpgradeCheck = 0820;
				ORGANIZATIONNAME = Esri;
				TargetAttributes = {
					8839043A1DF6022A001F3188 = {
						CreatedOnToolsVersion = 8.0;
						DevelopmentTeam = P8HGHS7JQ8;
						LastSwiftMigration = 0820;
						ProvisioningStyle = Automatic;
						SystemCapabilities = {
							com.apple.BackgroundModes = {
								enabled = 1;
							};
						};
					};
				};
			};
			buildConfigurationList = 883904361DF6022A001F3188 /* Build configuration list for PBXProject "ArcGISToolkitExamples" */;
			compatibilityVersion = "Xcode 3.2";
			developmentRegion = English;
			hasScannedForEncodings = 0;
			knownRegions = (
				en,
				Base,
			);
			mainGroup = 883904321DF6022A001F3188;
			productRefGroup = 8839043C1DF6022A001F3188 /* Products */;
			projectDirPath = "";
			projectReferences = (
				{
					ProductGroup = 88B689A01E96E9AB00B67FAB /* Products */;
					ProjectRef = 88B6899F1E96E9AB00B67FAB /* ArcGISToolkit.xcodeproj */;
				},
			);
			projectRoot = "";
			targets = (
				8839043A1DF6022A001F3188 /* ArcGISToolkitExamples */,
			);
		};
/* End PBXProject section */

/* Begin PBXReferenceProxy section */
		88B689A41E96E9AC00B67FAB /* ArcGISToolkit.framework */ = {
			isa = PBXReferenceProxy;
			fileType = wrapper.framework;
			path = ArcGISToolkit.framework;
			remoteRef = 88B689A31E96E9AC00B67FAB /* PBXContainerItemProxy */;
			sourceTree = BUILT_PRODUCTS_DIR;
		};
/* End PBXReferenceProxy section */

/* Begin PBXResourcesBuildPhase section */
		883904391DF6022A001F3188 /* Resources */ = {
			isa = PBXResourcesBuildPhase;
			buildActionMask = 2147483647;
			files = (
				883904491DF6022A001F3188 /* LaunchScreen.storyboard in Resources */,
				883904461DF6022A001F3188 /* Assets.xcassets in Resources */,
				883904441DF6022A001F3188 /* Main.storyboard in Resources */,
			);
			runOnlyForDeploymentPostprocessing = 0;
		};
/* End PBXResourcesBuildPhase section */

/* Begin PBXShellScriptBuildPhase section */
		88AE77111EFC267A00AFC80A /* ShellScript */ = {
			isa = PBXShellScriptBuildPhase;
			buildActionMask = 2147483647;
			files = (
			);
			inputPaths = (
			);
			outputPaths = (
			);
			runOnlyForDeploymentPostprocessing = 0;
			shellPath = /bin/sh;
			shellScript = "bash \"${BUILT_PRODUCTS_DIR}/${FRAMEWORKS_FOLDER_PATH}/ArcGIS.framework/strip-frameworks.sh\"";
		};
/* End PBXShellScriptBuildPhase section */

/* Begin PBXSourcesBuildPhase section */
		883904371DF6022A001F3188 /* Sources */ = {
			isa = PBXSourcesBuildPhase;
			buildActionMask = 2147483647;
			files = (
				88B689C81E96EDF400B67FAB /* AppDelegate.swift in Sources */,
				88B689CB1E96EDF400B67FAB /* MeasureExample.swift in Sources */,
				88B689CC1E96EDF400B67FAB /* CompassExample.swift in Sources */,
				88B689D11E96EDF400B67FAB /* VCListViewController.swift in Sources */,
				88B689CE1E96EDF400B67FAB /* ScalebarExample.swift in Sources */,
				88B689CF1E96EDF400B67FAB /* SketchExample.swift in Sources */,
				88B689CD1E96EDF400B67FAB /* PopupExample.swift in Sources */,
				88B689CA1E96EDF400B67FAB /* JobManagerExample.swift in Sources */,
				88B689D01E96EDF400B67FAB /* SwitchBasemapExample.swift in Sources */,
				88B689C91E96EDF400B67FAB /* ExamplesViewController.swift in Sources */,
				E48405751E9BE7E600927208 /* LegendExample.swift in Sources */,
			);
			runOnlyForDeploymentPostprocessing = 0;
		};
/* End PBXSourcesBuildPhase section */

/* Begin PBXTargetDependency section */
		88A01D801EA188EF00CD9621 /* PBXTargetDependency */ = {
			isa = PBXTargetDependency;
			name = ArcGISToolkit;
			targetProxy = 88A01D7F1EA188EF00CD9621 /* PBXContainerItemProxy */;
		};
		88B689A61E96E9E000B67FAB /* PBXTargetDependency */ = {
			isa = PBXTargetDependency;
			name = ArcGISToolkit;
			targetProxy = 88B689A51E96E9E000B67FAB /* PBXContainerItemProxy */;
		};
/* End PBXTargetDependency section */

/* Begin PBXVariantGroup section */
		883904421DF6022A001F3188 /* Main.storyboard */ = {
			isa = PBXVariantGroup;
			children = (
				883904431DF6022A001F3188 /* Base */,
			);
			name = Main.storyboard;
			sourceTree = "<group>";
		};
		883904471DF6022A001F3188 /* LaunchScreen.storyboard */ = {
			isa = PBXVariantGroup;
			children = (
				883904481DF6022A001F3188 /* Base */,
			);
			name = LaunchScreen.storyboard;
			sourceTree = "<group>";
		};
/* End PBXVariantGroup section */

/* Begin XCBuildConfiguration section */
		8839044B1DF6022A001F3188 /* Debug */ = {
			isa = XCBuildConfiguration;
			buildSettings = {
				ALWAYS_SEARCH_USER_PATHS = NO;
				CLANG_ANALYZER_NONNULL = YES;
				CLANG_CXX_LANGUAGE_STANDARD = "gnu++0x";
				CLANG_CXX_LIBRARY = "libc++";
				CLANG_ENABLE_MODULES = YES;
				CLANG_ENABLE_OBJC_ARC = YES;
				CLANG_WARN_BOOL_CONVERSION = YES;
				CLANG_WARN_CONSTANT_CONVERSION = YES;
				CLANG_WARN_DIRECT_OBJC_ISA_USAGE = YES_ERROR;
				CLANG_WARN_DOCUMENTATION_COMMENTS = YES;
				CLANG_WARN_EMPTY_BODY = YES;
				CLANG_WARN_ENUM_CONVERSION = YES;
				CLANG_WARN_INFINITE_RECURSION = YES;
				CLANG_WARN_INT_CONVERSION = YES;
				CLANG_WARN_OBJC_ROOT_CLASS = YES_ERROR;
				CLANG_WARN_SUSPICIOUS_MOVE = YES;
				CLANG_WARN_SUSPICIOUS_MOVES = YES;
				CLANG_WARN_UNREACHABLE_CODE = YES;
				CLANG_WARN__DUPLICATE_METHOD_MATCH = YES;
				"CODE_SIGN_IDENTITY[sdk=iphoneos*]" = "iPhone Developer";
				COPY_PHASE_STRIP = NO;
				DEBUG_INFORMATION_FORMAT = dwarf;
				ENABLE_STRICT_OBJC_MSGSEND = YES;
				ENABLE_TESTABILITY = YES;
				GCC_C_LANGUAGE_STANDARD = gnu99;
				GCC_DYNAMIC_NO_PIC = NO;
				GCC_NO_COMMON_BLOCKS = YES;
				GCC_OPTIMIZATION_LEVEL = 0;
				GCC_PREPROCESSOR_DEFINITIONS = (
					"DEBUG=1",
					"$(inherited)",
				);
				GCC_WARN_64_TO_32_BIT_CONVERSION = YES;
				GCC_WARN_ABOUT_RETURN_TYPE = YES_ERROR;
				GCC_WARN_UNDECLARED_SELECTOR = YES;
				GCC_WARN_UNINITIALIZED_AUTOS = YES_AGGRESSIVE;
				GCC_WARN_UNUSED_FUNCTION = YES;
				GCC_WARN_UNUSED_VARIABLE = YES;
				IPHONEOS_DEPLOYMENT_TARGET = 10.0;
				MTL_ENABLE_DEBUG_INFO = YES;
				ONLY_ACTIVE_ARCH = YES;
				SDKROOT = iphoneos;
				SWIFT_ACTIVE_COMPILATION_CONDITIONS = DEBUG;
				SWIFT_OPTIMIZATION_LEVEL = "-Onone";
				TARGETED_DEVICE_FAMILY = "1,2";
			};
			name = Debug;
		};
		8839044C1DF6022A001F3188 /* Release */ = {
			isa = XCBuildConfiguration;
			buildSettings = {
				ALWAYS_SEARCH_USER_PATHS = NO;
				CLANG_ANALYZER_NONNULL = YES;
				CLANG_CXX_LANGUAGE_STANDARD = "gnu++0x";
				CLANG_CXX_LIBRARY = "libc++";
				CLANG_ENABLE_MODULES = YES;
				CLANG_ENABLE_OBJC_ARC = YES;
				CLANG_WARN_BOOL_CONVERSION = YES;
				CLANG_WARN_CONSTANT_CONVERSION = YES;
				CLANG_WARN_DIRECT_OBJC_ISA_USAGE = YES_ERROR;
				CLANG_WARN_DOCUMENTATION_COMMENTS = YES;
				CLANG_WARN_EMPTY_BODY = YES;
				CLANG_WARN_ENUM_CONVERSION = YES;
				CLANG_WARN_INFINITE_RECURSION = YES;
				CLANG_WARN_INT_CONVERSION = YES;
				CLANG_WARN_OBJC_ROOT_CLASS = YES_ERROR;
				CLANG_WARN_SUSPICIOUS_MOVE = YES;
				CLANG_WARN_SUSPICIOUS_MOVES = YES;
				CLANG_WARN_UNREACHABLE_CODE = YES;
				CLANG_WARN__DUPLICATE_METHOD_MATCH = YES;
				"CODE_SIGN_IDENTITY[sdk=iphoneos*]" = "iPhone Developer";
				COPY_PHASE_STRIP = NO;
				DEBUG_INFORMATION_FORMAT = "dwarf-with-dsym";
				ENABLE_NS_ASSERTIONS = NO;
				ENABLE_STRICT_OBJC_MSGSEND = YES;
				GCC_C_LANGUAGE_STANDARD = gnu99;
				GCC_NO_COMMON_BLOCKS = YES;
				GCC_WARN_64_TO_32_BIT_CONVERSION = YES;
				GCC_WARN_ABOUT_RETURN_TYPE = YES_ERROR;
				GCC_WARN_UNDECLARED_SELECTOR = YES;
				GCC_WARN_UNINITIALIZED_AUTOS = YES_AGGRESSIVE;
				GCC_WARN_UNUSED_FUNCTION = YES;
				GCC_WARN_UNUSED_VARIABLE = YES;
				IPHONEOS_DEPLOYMENT_TARGET = 10.0;
				MTL_ENABLE_DEBUG_INFO = NO;
				SDKROOT = iphoneos;
				SWIFT_OPTIMIZATION_LEVEL = "-Owholemodule";
				TARGETED_DEVICE_FAMILY = "1,2";
				VALIDATE_PRODUCT = YES;
			};
			name = Release;
		};
		8839044E1DF6022A001F3188 /* Debug */ = {
			isa = XCBuildConfiguration;
			buildSettings = {
				ALWAYS_EMBED_SWIFT_STANDARD_LIBRARIES = YES;
				ASSETCATALOG_COMPILER_APPICON_NAME = AppIcon;
				CLANG_ENABLE_MODULES = YES;
				DEVELOPMENT_TEAM = P8HGHS7JQ8;
				FRAMEWORK_SEARCH_PATHS = (
					"$(inherited)",
					"$(USER_LIBRARY_DIR)/SDKs/ArcGIS/iOS/Frameworks/Dynamic",
				);
				INFOPLIST_FILE = ArcGISToolkitExamples/Info.plist;
				IPHONEOS_DEPLOYMENT_TARGET = 9.0;
				LD_RUNPATH_SEARCH_PATHS = "$(inherited) @executable_path/Frameworks";
				PRODUCT_BUNDLE_IDENTIFIER = "com.esri.${PRODUCT_NAME}";
				PRODUCT_NAME = "$(TARGET_NAME)";
				SWIFT_OPTIMIZATION_LEVEL = "-Onone";
				SWIFT_VERSION = 3.0;
			};
			name = Debug;
		};
		8839044F1DF6022A001F3188 /* Release */ = {
			isa = XCBuildConfiguration;
			buildSettings = {
				ALWAYS_EMBED_SWIFT_STANDARD_LIBRARIES = YES;
				ASSETCATALOG_COMPILER_APPICON_NAME = AppIcon;
				CLANG_ENABLE_MODULES = YES;
				DEVELOPMENT_TEAM = P8HGHS7JQ8;
				FRAMEWORK_SEARCH_PATHS = (
					"$(inherited)",
					"$(USER_LIBRARY_DIR)/SDKs/ArcGIS/iOS/Frameworks/Dynamic",
				);
				INFOPLIST_FILE = ArcGISToolkitExamples/Info.plist;
				IPHONEOS_DEPLOYMENT_TARGET = 9.0;
				LD_RUNPATH_SEARCH_PATHS = "$(inherited) @executable_path/Frameworks";
				PRODUCT_BUNDLE_IDENTIFIER = "com.esri.${PRODUCT_NAME}";
				PRODUCT_NAME = "$(TARGET_NAME)";
				SWIFT_VERSION = 3.0;
			};
			name = Release;
		};
/* End XCBuildConfiguration section */

/* Begin XCConfigurationList section */
		883904361DF6022A001F3188 /* Build configuration list for PBXProject "ArcGISToolkitExamples" */ = {
			isa = XCConfigurationList;
			buildConfigurations = (
				8839044B1DF6022A001F3188 /* Debug */,
				8839044C1DF6022A001F3188 /* Release */,
			);
			defaultConfigurationIsVisible = 0;
			defaultConfigurationName = Release;
		};
		8839044D1DF6022A001F3188 /* Build configuration list for PBXNativeTarget "ArcGISToolkitExamples" */ = {
			isa = XCConfigurationList;
			buildConfigurations = (
				8839044E1DF6022A001F3188 /* Debug */,
				8839044F1DF6022A001F3188 /* Release */,
			);
			defaultConfigurationIsVisible = 0;
			defaultConfigurationName = Release;
		};
/* End XCConfigurationList section */
	};
	rootObject = 883904331DF6022A001F3188 /* Project object */;
}
